// !$*UTF8*$!
{
	archiveVersion = 1;
	classes = {
	};
	objectVersion = 77;
	objects = {

/* Begin PBXBuildFile section */
		0061615187CED3AD9B794012 /* Assets.xcassets in Resources */ = {isa = PBXBuildFile; fileRef = A47E5298E4628C7ED98EC8ED /* Assets.xcassets */; };
		0201500FD434F7A12CD0301E /* FrameConveyor.swift in Sources */ = {isa = PBXBuildFile; fileRef = 70447DEDDBD809829F414AB4 /* FrameConveyor.swift */; };
		08E957E717DF675F8D28C75B /* MacContentView.swift in Sources */ = {isa = PBXBuildFile; fileRef = BD3C524FDFE54A15AF2F4FE7 /* MacContentView.swift */; };
		0E369A5CB6DB7265E65DDC2C /* SettingsView.swift in Sources */ = {isa = PBXBuildFile; fileRef = 044FC8024A8B6744C7E677C2 /* SettingsView.swift */; };
		0E8A7047DE8E3A93BF9E87A9 /* SidebarView.swift in Sources */ = {isa = PBXBuildFile; fileRef = 4CE862C0CD72CC6015830132 /* SidebarView.swift */; };
		1460E3D24DA7255D2B70369A /* MacAppModel.swift in Sources */ = {isa = PBXBuildFile; fileRef = 40B24378FCA4958CC6C67878 /* MacAppModel.swift */; };
		1506EB84B34A9582A5F556F0 /* MacCameraPreviewView.swift in Sources */ = {isa = PBXBuildFile; fileRef = 73BF246A8EDA6004AE9CB0CA /* MacCameraPreviewView.swift */; };
		154BE02374030EA5028CD010 /* ContentView.swift in Sources */ = {isa = PBXBuildFile; fileRef = 22436542D01EAD8CED285668 /* ContentView.swift */; };
		234ED6836F7141B00F4801A4 /* MacSettingsView.swift in Sources */ = {isa = PBXBuildFile; fileRef = 3470253A507EB6108BA68854 /* MacSettingsView.swift */; };
		2D35826915D22DD4C9405753 /* VisualizerView.swift in Sources */ = {isa = PBXBuildFile; fileRef = A49223DA900A20D766094DB6 /* VisualizerView.swift */; };
		3679F968B2D87D6E0B404AD3 /* BonjourAdvertiser.swift in Sources */ = {isa = PBXBuildFile; fileRef = D04CB153C381766D7D80DED7 /* BonjourAdvertiser.swift */; };
		388DDE31CDC20F2CF398E228 /* PoseioscReceiverApp.swift in Sources */ = {isa = PBXBuildFile; fileRef = 9E642C8E274B338B0A9BE95F /* PoseioscReceiverApp.swift */; };
		43B9D5C8F28A5EE3D4FB3F90 /* VisionProcessor.swift in Sources */ = {isa = PBXBuildFile; fileRef = 25C34A45CD50185556A6E8CF /* VisionProcessor.swift */; };
		4517204E993973CA44B019A2 /* PoseioscShared in Frameworks */ = {isa = PBXBuildFile; productRef = 3D1DFD7A45B58CCEBD9C5828 /* PoseioscShared */; };
		516A14EDB986870936BF8F24 /* CameraOrientationSetting.swift in Sources */ = {isa = PBXBuildFile; fileRef = 6A8D53A59285A22D1436833A /* CameraOrientationSetting.swift */; };
		54568B16CDC6357DC59AED35 /* ControlBarView.swift in Sources */ = {isa = PBXBuildFile; fileRef = 8BE01430EF3AD6073346F5DA /* ControlBarView.swift */; };
		54F6A43050021C4C1FF23CDE /* OSCSenderService.swift in Sources */ = {isa = PBXBuildFile; fileRef = C1E70D787D793EDCC6179AEE /* OSCSenderService.swift */; };
		5EF6D1A8DB671C9B3F9B1C8F /* ObservationMapping.swift in Sources */ = {isa = PBXBuildFile; fileRef = 1E180D1324327865CBF54DB9 /* ObservationMapping.swift */; };
		5F049B65713EDDC3E4BBBB77 /* OSCSenderService.swift in Sources */ = {isa = PBXBuildFile; fileRef = C1E70D787D793EDCC6179AEE /* OSCSenderService.swift */; };
		61C17E2198891967C2932D6A /* ObservationMapping.swift in Sources */ = {isa = PBXBuildFile; fileRef = 1E180D1324327865CBF54DB9 /* ObservationMapping.swift */; };
		651E569EB4AE580C9484FBAB /* MacSettingsStore.swift in Sources */ = {isa = PBXBuildFile; fileRef = 632C0DB0542BE2D695BC5D2E /* MacSettingsStore.swift */; };
		70E3CAF9B00A43FB7843CAA0 /* OverlayView.swift in Sources */ = {isa = PBXBuildFile; fileRef = 530A6F40C76AC8E1B770F370 /* OverlayView.swift */; };
		7177FAC0496F048EA8EA7926 /* MacCameraManager.swift in Sources */ = {isa = PBXBuildFile; fileRef = 5811FE8746B64C33EE554C13 /* MacCameraManager.swift */; };
		73DDCDB3284FB36FF0A1DB24 /* SwiftOSC in Frameworks */ = {isa = PBXBuildFile; productRef = E52C334B871E6E0B89351DCC /* SwiftOSC */; };
		771769B673223646394BDA1C /* SwiftOSC in Frameworks */ = {isa = PBXBuildFile; productRef = 1D63DFC8FDB7C642ED346B13 /* SwiftOSC */; };
		798691BAD52116D0B404E522 /* PoseioscSenderApp.swift in Sources */ = {isa = PBXBuildFile; fileRef = 018F41691E7A33C8E6E98248 /* PoseioscSenderApp.swift */; };
		799FC02BE8C1C7830141A28E /* SettingsStore.swift in Sources */ = {isa = PBXBuildFile; fileRef = B819CD68EA4B13B83875A8FE /* SettingsStore.swift */; };
		7ABF6548D7185A6DEE614E14 /* CameraOrientationSetting.swift in Sources */ = {isa = PBXBuildFile; fileRef = 6A8D53A59285A22D1436833A /* CameraOrientationSetting.swift */; };
		8DCED549FBF342CAC1D3322C /* BonjourBrowser.swift in Sources */ = {isa = PBXBuildFile; fileRef = 5888FFC267ADE3BAE904B39C /* BonjourBrowser.swift */; };
		8F48C29C69C4B202AF603167 /* PoseioscShared in Frameworks */ = {isa = PBXBuildFile; productRef = D9C35C7B8BEDADE26B92F049 /* PoseioscShared */; };
		9B985C927B272B65CCD2BFBF /* AppModel.swift in Sources */ = {isa = PBXBuildFile; fileRef = D4BB6041EDA4F90281819196 /* AppModel.swift */; };
		9D9179815B38BE422FCD29D2 /* ReceiverModel.swift in Sources */ = {isa = PBXBuildFile; fileRef = 36EE0DEF3AACC97EF349184D /* ReceiverModel.swift */; };
		9DED7732D4ABB7EA2600392B /* BonjourBrowser.swift in Sources */ = {isa = PBXBuildFile; fileRef = 5888FFC267ADE3BAE904B39C /* BonjourBrowser.swift */; };
		A75ADBF8805F97330A27454D /* VisionProcessor.swift in Sources */ = {isa = PBXBuildFile; fileRef = 25C34A45CD50185556A6E8CF /* VisionProcessor.swift */; };
		ACB313DA30EF8DBEA42707FE /* PoseioscSenderMacApp.swift in Sources */ = {isa = PBXBuildFile; fileRef = 16BDA48C2E84E59039EAF4B9 /* PoseioscSenderMacApp.swift */; };
		AEABBE9BF19749DD8870268B /* Assets.xcassets in Resources */ = {isa = PBXBuildFile; fileRef = 3502EA0A0767C242BEB50EE3 /* Assets.xcassets */; };
		B62C06DF4C2018A9A252AE3F /* ContentView.swift in Sources */ = {isa = PBXBuildFile; fileRef = 6B8A575252223D6F4E4880C1 /* ContentView.swift */; };
		B8863921CB448D84E38293CC /* FrameConveyor.swift in Sources */ = {isa = PBXBuildFile; fileRef = 70447DEDDBD809829F414AB4 /* FrameConveyor.swift */; };
		BC08F94DD2246500B7E3FAA0 /* PoseioscShared in Frameworks */ = {isa = PBXBuildFile; productRef = DC8182587B6E0AEAD535D789 /* PoseioscShared */; };
		BD6E86BD33A33250D7B12141 /* DetectorChip.swift in Sources */ = {isa = PBXBuildFile; fileRef = 3FEFBCE031E1972E63A30199 /* DetectorChip.swift */; };
		C4625786DBF05E2476775185 /* Assets.xcassets in Resources */ = {isa = PBXBuildFile; fileRef = 0FCA4347894328D3107380D0 /* Assets.xcassets */; };
		C8BB858C0F5CBB946E62A8A2 /* VisionAngle.swift in Sources */ = {isa = PBXBuildFile; fileRef = 3873AC66AD6991EB0F5F89B5 /* VisionAngle.swift */; };
		C966898D7147A40AFF57088C /* CameraManager.swift in Sources */ = {isa = PBXBuildFile; fileRef = AAB2651F0CD22279ABBAE118 /* CameraManager.swift */; };
		C96F9BBC99E5FEF6B9403CFE /* ReceiverService.swift in Sources */ = {isa = PBXBuildFile; fileRef = FFB8A3D2E06DFAE74EFD04A8 /* ReceiverService.swift */; };
		DBFC1FB82E0AC96F3071981A /* OverlayView.swift in Sources */ = {isa = PBXBuildFile; fileRef = 530A6F40C76AC8E1B770F370 /* OverlayView.swift */; };
		E14710A32CB6D23676E6DFFB /* FrameKind.swift in Sources */ = {isa = PBXBuildFile; fileRef = 327A3F09FCE218827863E618 /* FrameKind.swift */; };
		EA56466231D75F01FD30F5DB /* CameraPreviewView.swift in Sources */ = {isa = PBXBuildFile; fileRef = 03807F39A230F25D975DAC80 /* CameraPreviewView.swift */; };
		EFD4231BD477B970B00ECA08 /* StatusBarView.swift in Sources */ = {isa = PBXBuildFile; fileRef = DC3D7CD08642E802F1B7F668 /* StatusBarView.swift */; };
		F1A387CAFC75B8A5A945C0B0 /* SwiftOSC in Frameworks */ = {isa = PBXBuildFile; productRef = FBC2805A38555F74868050CE /* SwiftOSC */; };
		F1E91F3F9E8287B80709282F /* VisionAngle.swift in Sources */ = {isa = PBXBuildFile; fileRef = 3873AC66AD6991EB0F5F89B5 /* VisionAngle.swift */; };
		F76EBB593BE1B414658CE10F /* DetectorChip.swift in Sources */ = {isa = PBXBuildFile; fileRef = 3FEFBCE031E1972E63A30199 /* DetectorChip.swift */; };
/* End PBXBuildFile section */

/* Begin PBXFileReference section */
		018F41691E7A33C8E6E98248 /* PoseioscSenderApp.swift */ = {isa = PBXFileReference; lastKnownFileType = sourcecode.swift; path = PoseioscSenderApp.swift; sourceTree = "<group>"; };
		03807F39A230F25D975DAC80 /* CameraPreviewView.swift */ = {isa = PBXFileReference; lastKnownFileType = sourcecode.swift; path = CameraPreviewView.swift; sourceTree = "<group>"; };
		044FC8024A8B6744C7E677C2 /* SettingsView.swift */ = {isa = PBXFileReference; lastKnownFileType = sourcecode.swift; path = SettingsView.swift; sourceTree = "<group>"; };
		0FCA4347894328D3107380D0 /* Assets.xcassets */ = {isa = PBXFileReference; lastKnownFileType = folder.assetcatalog; path = Assets.xcassets; sourceTree = "<group>"; };
		11C58630B69B8B431316A046 /* TrackOSC.app */ = {isa = PBXFileReference; explicitFileType = wrapper.application; includeInIndex = 0; path = TrackOSC.app; sourceTree = BUILT_PRODUCTS_DIR; };
		14831F8759CB808A50B99626 /* Info.plist */ = {isa = PBXFileReference; lastKnownFileType = text.plist; path = Info.plist; sourceTree = "<group>"; };
		16BDA48C2E84E59039EAF4B9 /* PoseioscSenderMacApp.swift */ = {isa = PBXFileReference; lastKnownFileType = sourcecode.swift; path = PoseioscSenderMacApp.swift; sourceTree = "<group>"; };
		1E180D1324327865CBF54DB9 /* ObservationMapping.swift */ = {isa = PBXFileReference; lastKnownFileType = sourcecode.swift; path = ObservationMapping.swift; sourceTree = "<group>"; };
		22436542D01EAD8CED285668 /* ContentView.swift */ = {isa = PBXFileReference; lastKnownFileType = sourcecode.swift; path = ContentView.swift; sourceTree = "<group>"; };
		25C34A45CD50185556A6E8CF /* VisionProcessor.swift */ = {isa = PBXFileReference; lastKnownFileType = sourcecode.swift; path = VisionProcessor.swift; sourceTree = "<group>"; };
		2FA9D6299A0FF49D3BAE7BA9 /* PoseioscSenderMac.entitlements */ = {isa = PBXFileReference; lastKnownFileType = text.plist.entitlements; path = PoseioscSenderMac.entitlements; sourceTree = "<group>"; };
		327A3F09FCE218827863E618 /* FrameKind.swift */ = {isa = PBXFileReference; lastKnownFileType = sourcecode.swift; path = FrameKind.swift; sourceTree = "<group>"; };
		3470253A507EB6108BA68854 /* MacSettingsView.swift */ = {isa = PBXFileReference; lastKnownFileType = sourcecode.swift; path = MacSettingsView.swift; sourceTree = "<group>"; };
		3502EA0A0767C242BEB50EE3 /* Assets.xcassets */ = {isa = PBXFileReference; lastKnownFileType = folder.assetcatalog; path = Assets.xcassets; sourceTree = "<group>"; };
		36EE0DEF3AACC97EF349184D /* ReceiverModel.swift */ = {isa = PBXFileReference; lastKnownFileType = sourcecode.swift; path = ReceiverModel.swift; sourceTree = "<group>"; };
		3873AC66AD6991EB0F5F89B5 /* VisionAngle.swift */ = {isa = PBXFileReference; lastKnownFileType = sourcecode.swift; path = VisionAngle.swift; sourceTree = "<group>"; };
		3FEFBCE031E1972E63A30199 /* DetectorChip.swift */ = {isa = PBXFileReference; lastKnownFileType = sourcecode.swift; path = DetectorChip.swift; sourceTree = "<group>"; };
		40B24378FCA4958CC6C67878 /* MacAppModel.swift */ = {isa = PBXFileReference; lastKnownFileType = sourcecode.swift; path = MacAppModel.swift; sourceTree = "<group>"; };
		43812415DB456C47561F7F15 /* PoseioscShared */ = {isa = PBXFileReference; lastKnownFileType = folder; path = PoseioscShared; sourceTree = SOURCE_ROOT; };
		4CE862C0CD72CC6015830132 /* SidebarView.swift */ = {isa = PBXFileReference; lastKnownFileType = sourcecode.swift; path = SidebarView.swift; sourceTree = "<group>"; };
		530A6F40C76AC8E1B770F370 /* OverlayView.swift */ = {isa = PBXFileReference; lastKnownFileType = sourcecode.swift; path = OverlayView.swift; sourceTree = "<group>"; };
		5811FE8746B64C33EE554C13 /* MacCameraManager.swift */ = {isa = PBXFileReference; lastKnownFileType = sourcecode.swift; path = MacCameraManager.swift; sourceTree = "<group>"; };
		5888FFC267ADE3BAE904B39C /* BonjourBrowser.swift */ = {isa = PBXFileReference; lastKnownFileType = sourcecode.swift; path = BonjourBrowser.swift; sourceTree = "<group>"; };
		632C0DB0542BE2D695BC5D2E /* MacSettingsStore.swift */ = {isa = PBXFileReference; lastKnownFileType = sourcecode.swift; path = MacSettingsStore.swift; sourceTree = "<group>"; };
		6A8D53A59285A22D1436833A /* CameraOrientationSetting.swift */ = {isa = PBXFileReference; lastKnownFileType = sourcecode.swift; path = CameraOrientationSetting.swift; sourceTree = "<group>"; };
		6B8A575252223D6F4E4880C1 /* ContentView.swift */ = {isa = PBXFileReference; lastKnownFileType = sourcecode.swift; path = ContentView.swift; sourceTree = "<group>"; };
		6DBA3CC5FB854CD71D3810E4 /* TrackOSCSender.app */ = {isa = PBXFileReference; explicitFileType = wrapper.application; includeInIndex = 0; path = TrackOSCSender.app; sourceTree = BUILT_PRODUCTS_DIR; };
		70447DEDDBD809829F414AB4 /* FrameConveyor.swift */ = {isa = PBXFileReference; lastKnownFileType = sourcecode.swift; path = FrameConveyor.swift; sourceTree = "<group>"; };
		73BF246A8EDA6004AE9CB0CA /* MacCameraPreviewView.swift */ = {isa = PBXFileReference; lastKnownFileType = sourcecode.swift; path = MacCameraPreviewView.swift; sourceTree = "<group>"; };
		8BE01430EF3AD6073346F5DA /* ControlBarView.swift */ = {isa = PBXFileReference; lastKnownFileType = sourcecode.swift; path = ControlBarView.swift; sourceTree = "<group>"; };
		8F01314D4D2BB20D1A9AA995 /* Info.plist */ = {isa = PBXFileReference; lastKnownFileType = text.plist; path = Info.plist; sourceTree = "<group>"; };
		9E642C8E274B338B0A9BE95F /* PoseioscReceiverApp.swift */ = {isa = PBXFileReference; lastKnownFileType = sourcecode.swift; path = PoseioscReceiverApp.swift; sourceTree = "<group>"; };
		A47E5298E4628C7ED98EC8ED /* Assets.xcassets */ = {isa = PBXFileReference; lastKnownFileType = folder.assetcatalog; path = Assets.xcassets; sourceTree = "<group>"; };
		A49223DA900A20D766094DB6 /* VisualizerView.swift */ = {isa = PBXFileReference; lastKnownFileType = sourcecode.swift; path = VisualizerView.swift; sourceTree = "<group>"; };
		AAB2651F0CD22279ABBAE118 /* CameraManager.swift */ = {isa = PBXFileReference; lastKnownFileType = sourcecode.swift; path = CameraManager.swift; sourceTree = "<group>"; };
		B703E50BF1CBFE19E73F0DA6 /* TrackOSCReceiver.app */ = {isa = PBXFileReference; explicitFileType = wrapper.application; includeInIndex = 0; path = TrackOSCReceiver.app; sourceTree = BUILT_PRODUCTS_DIR; };
		B819CD68EA4B13B83875A8FE /* SettingsStore.swift */ = {isa = PBXFileReference; lastKnownFileType = sourcecode.swift; path = SettingsStore.swift; sourceTree = "<group>"; };
		BD3C524FDFE54A15AF2F4FE7 /* MacContentView.swift */ = {isa = PBXFileReference; lastKnownFileType = sourcecode.swift; path = MacContentView.swift; sourceTree = "<group>"; };
		C1E70D787D793EDCC6179AEE /* OSCSenderService.swift */ = {isa = PBXFileReference; lastKnownFileType = sourcecode.swift; path = OSCSenderService.swift; sourceTree = "<group>"; };
		C41FCC20BC3EE6B8F0930F0E /* PoseioscReceiver.entitlements */ = {isa = PBXFileReference; lastKnownFileType = text.plist.entitlements; path = PoseioscReceiver.entitlements; sourceTree = "<group>"; };
		D04CB153C381766D7D80DED7 /* BonjourAdvertiser.swift */ = {isa = PBXFileReference; lastKnownFileType = sourcecode.swift; path = BonjourAdvertiser.swift; sourceTree = "<group>"; };
		D4BB6041EDA4F90281819196 /* AppModel.swift */ = {isa = PBXFileReference; lastKnownFileType = sourcecode.swift; path = AppModel.swift; sourceTree = "<group>"; };
		DC3D7CD08642E802F1B7F668 /* StatusBarView.swift */ = {isa = PBXFileReference; lastKnownFileType = sourcecode.swift; path = StatusBarView.swift; sourceTree = "<group>"; };
		EA84C5C3CA310524FA61766A /* Info.plist */ = {isa = PBXFileReference; lastKnownFileType = text.plist; path = Info.plist; sourceTree = "<group>"; };
		FFB8A3D2E06DFAE74EFD04A8 /* ReceiverService.swift */ = {isa = PBXFileReference; lastKnownFileType = sourcecode.swift; path = ReceiverService.swift; sourceTree = "<group>"; };
/* End PBXFileReference section */

/* Begin PBXFrameworksBuildPhase section */
		6B41AA79F148161AABD439F5 /* Frameworks */ = {
			isa = PBXFrameworksBuildPhase;
			buildActionMask = 2147483647;
			files = (
				771769B673223646394BDA1C /* SwiftOSC in Frameworks */,
				8F48C29C69C4B202AF603167 /* PoseioscShared in Frameworks */,
			);
			runOnlyForDeploymentPostprocessing = 0;
		};
		79D77FC6ECBCDC734489D5E1 /* Frameworks */ = {
			isa = PBXFrameworksBuildPhase;
			buildActionMask = 2147483647;
			files = (
				73DDCDB3284FB36FF0A1DB24 /* SwiftOSC in Frameworks */,
				4517204E993973CA44B019A2 /* PoseioscShared in Frameworks */,
			);
			runOnlyForDeploymentPostprocessing = 0;
		};
		A6B951B3EA50CE46072435FD /* Frameworks */ = {
			isa = PBXFrameworksBuildPhase;
			buildActionMask = 2147483647;
			files = (
				F1A387CAFC75B8A5A945C0B0 /* SwiftOSC in Frameworks */,
				BC08F94DD2246500B7E3FAA0 /* PoseioscShared in Frameworks */,
			);
			runOnlyForDeploymentPostprocessing = 0;
		};
/* End PBXFrameworksBuildPhase section */

/* Begin PBXGroup section */
		060C33AEB02C7871EAEF3206 /* Packages */ = {
			isa = PBXGroup;
			children = (
				43812415DB456C47561F7F15 /* PoseioscShared */,
			);
			name = Packages;
			sourceTree = "<group>";
		};
		5978E00BA11D99E1BF4875B7 /* Views */ = {
			isa = PBXGroup;
			children = (
				03807F39A230F25D975DAC80 /* CameraPreviewView.swift */,
				6B8A575252223D6F4E4880C1 /* ContentView.swift */,
				8BE01430EF3AD6073346F5DA /* ControlBarView.swift */,
				044FC8024A8B6744C7E677C2 /* SettingsView.swift */,
				DC3D7CD08642E802F1B7F668 /* StatusBarView.swift */,
			);
			path = Views;
			sourceTree = "<group>";
		};
		72987004F1B4A2A1845E52BC /* Views */ = {
			isa = PBXGroup;
			children = (
				73BF246A8EDA6004AE9CB0CA /* MacCameraPreviewView.swift */,
				BD3C524FDFE54A15AF2F4FE7 /* MacContentView.swift */,
				3470253A507EB6108BA68854 /* MacSettingsView.swift */,
			);
			path = Views;
			sourceTree = "<group>";
		};
		78A4CD860236EDC45FB82923 /* Views */ = {
			isa = PBXGroup;
			children = (
				3FEFBCE031E1972E63A30199 /* DetectorChip.swift */,
				530A6F40C76AC8E1B770F370 /* OverlayView.swift */,
			);
			path = Views;
			sourceTree = "<group>";
		};
		8B5C384F2A518B632439F32C /* Products */ = {
			isa = PBXGroup;
			children = (
				11C58630B69B8B431316A046 /* TrackOSC.app */,
				B703E50BF1CBFE19E73F0DA6 /* TrackOSCReceiver.app */,
				6DBA3CC5FB854CD71D3810E4 /* TrackOSCSender.app */,
			);
			name = Products;
			sourceTree = "<group>";
		};
		910DE9822A4E3F3A2D445867 /* SenderMac */ = {
			isa = PBXGroup;
			children = (
				3502EA0A0767C242BEB50EE3 /* Assets.xcassets */,
				14831F8759CB808A50B99626 /* Info.plist */,
				40B24378FCA4958CC6C67878 /* MacAppModel.swift */,
				5811FE8746B64C33EE554C13 /* MacCameraManager.swift */,
				632C0DB0542BE2D695BC5D2E /* MacSettingsStore.swift */,
				2FA9D6299A0FF49D3BAE7BA9 /* PoseioscSenderMac.entitlements */,
				16BDA48C2E84E59039EAF4B9 /* PoseioscSenderMacApp.swift */,
				72987004F1B4A2A1845E52BC /* Views */,
			);
			path = SenderMac;
			sourceTree = "<group>";
		};
		BDA3AE1F4BF34B0732B79E07 /* SenderCore */ = {
			isa = PBXGroup;
			children = (
				5888FFC267ADE3BAE904B39C /* BonjourBrowser.swift */,
				6A8D53A59285A22D1436833A /* CameraOrientationSetting.swift */,
				70447DEDDBD809829F414AB4 /* FrameConveyor.swift */,
				1E180D1324327865CBF54DB9 /* ObservationMapping.swift */,
				C1E70D787D793EDCC6179AEE /* OSCSenderService.swift */,
				3873AC66AD6991EB0F5F89B5 /* VisionAngle.swift */,
				25C34A45CD50185556A6E8CF /* VisionProcessor.swift */,
				78A4CD860236EDC45FB82923 /* Views */,
			);
			path = SenderCore;
			sourceTree = "<group>";
		};
		DCD628C27D5DB0360C392C60 /* Views */ = {
			isa = PBXGroup;
			children = (
				22436542D01EAD8CED285668 /* ContentView.swift */,
				4CE862C0CD72CC6015830132 /* SidebarView.swift */,
				A49223DA900A20D766094DB6 /* VisualizerView.swift */,
			);
			path = Views;
			sourceTree = "<group>";
		};
		E7C4540CD8F0BD8EB612BF1F /* Receiver */ = {
			isa = PBXGroup;
			children = (
				A47E5298E4628C7ED98EC8ED /* Assets.xcassets */,
				D04CB153C381766D7D80DED7 /* BonjourAdvertiser.swift */,
				327A3F09FCE218827863E618 /* FrameKind.swift */,
				8F01314D4D2BB20D1A9AA995 /* Info.plist */,
				C41FCC20BC3EE6B8F0930F0E /* PoseioscReceiver.entitlements */,
				9E642C8E274B338B0A9BE95F /* PoseioscReceiverApp.swift */,
				36EE0DEF3AACC97EF349184D /* ReceiverModel.swift */,
				FFB8A3D2E06DFAE74EFD04A8 /* ReceiverService.swift */,
				DCD628C27D5DB0360C392C60 /* Views */,
			);
			path = Receiver;
			sourceTree = "<group>";
		};
		E8CA2342F06540D2B6E0D7C0 /* Sender */ = {
			isa = PBXGroup;
			children = (
				D4BB6041EDA4F90281819196 /* AppModel.swift */,
				0FCA4347894328D3107380D0 /* Assets.xcassets */,
				AAB2651F0CD22279ABBAE118 /* CameraManager.swift */,
				EA84C5C3CA310524FA61766A /* Info.plist */,
				018F41691E7A33C8E6E98248 /* PoseioscSenderApp.swift */,
				B819CD68EA4B13B83875A8FE /* SettingsStore.swift */,
				5978E00BA11D99E1BF4875B7 /* Views */,
			);
			path = Sender;
			sourceTree = "<group>";
		};
		F3EA34C54FDFFBF1C2822E0F = {
			isa = PBXGroup;
			children = (
				060C33AEB02C7871EAEF3206 /* Packages */,
				E7C4540CD8F0BD8EB612BF1F /* Receiver */,
				E8CA2342F06540D2B6E0D7C0 /* Sender */,
				BDA3AE1F4BF34B0732B79E07 /* SenderCore */,
				910DE9822A4E3F3A2D445867 /* SenderMac */,
				8B5C384F2A518B632439F32C /* Products */,
			);
			sourceTree = "<group>";
		};
/* End PBXGroup section */

/* Begin PBXNativeTarget section */
		0027B314DDFC4253CD14F253 /* PoseioscSender */ = {
			isa = PBXNativeTarget;
			buildConfigurationList = 58146F69D510F20DD701605B /* Build configuration list for PBXNativeTarget "PoseioscSender" */;
			buildPhases = (
				BA51C124B66B5F1DB2DA203E /* Sources */,
				C21C7403D32EA869AEB1FA29 /* Resources */,
				A6B951B3EA50CE46072435FD /* Frameworks */,
			);
			buildRules = (
			);
			dependencies = (
			);
			name = PoseioscSender;
			packageProductDependencies = (
				FBC2805A38555F74868050CE /* SwiftOSC */,
				DC8182587B6E0AEAD535D789 /* PoseioscShared */,
			);
			productName = PoseioscSender;
			productReference = 11C58630B69B8B431316A046 /* TrackOSC.app */;
			productType = "com.apple.product-type.application";
		};
		0A9C019024B689D94BB76BF2 /* PoseioscSenderMac */ = {
			isa = PBXNativeTarget;
			buildConfigurationList = 1CEBF3867EB790C9115454A0 /* Build configuration list for PBXNativeTarget "PoseioscSenderMac" */;
			buildPhases = (
				C3E29648394BD668FA7BF325 /* Sources */,
				3B707F3694EFFBF2CDC5A021 /* Resources */,
				6B41AA79F148161AABD439F5 /* Frameworks */,
			);
			buildRules = (
			);
			dependencies = (
			);
			name = PoseioscSenderMac;
			packageProductDependencies = (
				1D63DFC8FDB7C642ED346B13 /* SwiftOSC */,
				D9C35C7B8BEDADE26B92F049 /* PoseioscShared */,
			);
			productName = PoseioscSenderMac;
			productReference = 6DBA3CC5FB854CD71D3810E4 /* TrackOSCSender.app */;
			productType = "com.apple.product-type.application";
		};
		85ACB73958B8915EC4F073B9 /* PoseioscReceiver */ = {
			isa = PBXNativeTarget;
			buildConfigurationList = FF7F5441E743E5F14C73EA95 /* Build configuration list for PBXNativeTarget "PoseioscReceiver" */;
			buildPhases = (
				5A0AD2B07D13575BE496D854 /* Sources */,
				3C5FCE8864A079482701C5BB /* Resources */,
				79D77FC6ECBCDC734489D5E1 /* Frameworks */,
			);
			buildRules = (
			);
			dependencies = (
			);
			name = PoseioscReceiver;
			packageProductDependencies = (
				E52C334B871E6E0B89351DCC /* SwiftOSC */,
				3D1DFD7A45B58CCEBD9C5828 /* PoseioscShared */,
			);
			productName = PoseioscReceiver;
			productReference = B703E50BF1CBFE19E73F0DA6 /* TrackOSCReceiver.app */;
			productType = "com.apple.product-type.application";
		};
/* End PBXNativeTarget section */

/* Begin PBXProject section */
		B1EEEA4FACB2EF06728FA3E8 /* Project object */ = {
			isa = PBXProject;
			attributes = {
				BuildIndependentTargetsInParallel = YES;
				LastUpgradeCheck = 2630;
				TargetAttributes = {
					0027B314DDFC4253CD14F253 = {
						ProvisioningStyle = Automatic;
					};
					0A9C019024B689D94BB76BF2 = {
						DevelopmentTeam = "";
						ProvisioningStyle = Automatic;
					};
					85ACB73958B8915EC4F073B9 = {
						DevelopmentTeam = "";
						ProvisioningStyle = Automatic;
					};
				};
			};
			buildConfigurationList = 1278265600F2CA8D6CC36402 /* Build configuration list for PBXProject "TrackOSC" */;
			developmentRegion = en;
			hasScannedForEncodings = 0;
			knownRegions = (
				Base,
				en,
			);
			mainGroup = F3EA34C54FDFFBF1C2822E0F;
			minimizedProjectReferenceProxies = 1;
			packageReferences = (
				BF3CEF016DCF7B415E80334E /* XCRemoteSwiftPackageReference "swift-osc" */,
				F3C07D8591258309496ADD2A /* XCLocalSwiftPackageReference "PoseioscShared" */,
			);
			preferredProjectObjectVersion = 77;
			productRefGroup = 8B5C384F2A518B632439F32C /* Products */;
			projectDirPath = "";
			projectRoot = "";
			targets = (
				0027B314DDFC4253CD14F253 /* PoseioscSender */,
				0A9C019024B689D94BB76BF2 /* PoseioscSenderMac */,
				85ACB73958B8915EC4F073B9 /* PoseioscReceiver */,
			);
		};
/* End PBXProject section */

/* Begin PBXResourcesBuildPhase section */
		3B707F3694EFFBF2CDC5A021 /* Resources */ = {
			isa = PBXResourcesBuildPhase;
			buildActionMask = 2147483647;
			files = (
				AEABBE9BF19749DD8870268B /* Assets.xcassets in Resources */,
			);
			runOnlyForDeploymentPostprocessing = 0;
		};
		3C5FCE8864A079482701C5BB /* Resources */ = {
			isa = PBXResourcesBuildPhase;
			buildActionMask = 2147483647;
			files = (
				0061615187CED3AD9B794012 /* Assets.xcassets in Resources */,
			);
			runOnlyForDeploymentPostprocessing = 0;
		};
		C21C7403D32EA869AEB1FA29 /* Resources */ = {
			isa = PBXResourcesBuildPhase;
			buildActionMask = 2147483647;
			files = (
				C4625786DBF05E2476775185 /* Assets.xcassets in Resources */,
			);
			runOnlyForDeploymentPostprocessing = 0;
		};
/* End PBXResourcesBuildPhase section */

/* Begin PBXSourcesBuildPhase section */
		5A0AD2B07D13575BE496D854 /* Sources */ = {
			isa = PBXSourcesBuildPhase;
			buildActionMask = 2147483647;
			files = (
				3679F968B2D87D6E0B404AD3 /* BonjourAdvertiser.swift in Sources */,
				154BE02374030EA5028CD010 /* ContentView.swift in Sources */,
				E14710A32CB6D23676E6DFFB /* FrameKind.swift in Sources */,
				388DDE31CDC20F2CF398E228 /* PoseioscReceiverApp.swift in Sources */,
				9D9179815B38BE422FCD29D2 /* ReceiverModel.swift in Sources */,
				C96F9BBC99E5FEF6B9403CFE /* ReceiverService.swift in Sources */,
				0E8A7047DE8E3A93BF9E87A9 /* SidebarView.swift in Sources */,
				2D35826915D22DD4C9405753 /* VisualizerView.swift in Sources */,
			);
			runOnlyForDeploymentPostprocessing = 0;
		};
		BA51C124B66B5F1DB2DA203E /* Sources */ = {
			isa = PBXSourcesBuildPhase;
			buildActionMask = 2147483647;
			files = (
				9B985C927B272B65CCD2BFBF /* AppModel.swift in Sources */,
				8DCED549FBF342CAC1D3322C /* BonjourBrowser.swift in Sources */,
				C966898D7147A40AFF57088C /* CameraManager.swift in Sources */,
				516A14EDB986870936BF8F24 /* CameraOrientationSetting.swift in Sources */,
				EA56466231D75F01FD30F5DB /* CameraPreviewView.swift in Sources */,
				B62C06DF4C2018A9A252AE3F /* ContentView.swift in Sources */,
				54568B16CDC6357DC59AED35 /* ControlBarView.swift in Sources */,
				BD6E86BD33A33250D7B12141 /* DetectorChip.swift in Sources */,
				B8863921CB448D84E38293CC /* FrameConveyor.swift in Sources */,
				5F049B65713EDDC3E4BBBB77 /* OSCSenderService.swift in Sources */,
				61C17E2198891967C2932D6A /* ObservationMapping.swift in Sources */,
				70E3CAF9B00A43FB7843CAA0 /* OverlayView.swift in Sources */,
				798691BAD52116D0B404E522 /* PoseioscSenderApp.swift in Sources */,
				799FC02BE8C1C7830141A28E /* SettingsStore.swift in Sources */,
				0E369A5CB6DB7265E65DDC2C /* SettingsView.swift in Sources */,
				EFD4231BD477B970B00ECA08 /* StatusBarView.swift in Sources */,
				C8BB858C0F5CBB946E62A8A2 /* VisionAngle.swift in Sources */,
				A75ADBF8805F97330A27454D /* VisionProcessor.swift in Sources */,
			);
			runOnlyForDeploymentPostprocessing = 0;
		};
		C3E29648394BD668FA7BF325 /* Sources */ = {
			isa = PBXSourcesBuildPhase;
			buildActionMask = 2147483647;
			files = (
				9DED7732D4ABB7EA2600392B /* BonjourBrowser.swift in Sources */,
				7ABF6548D7185A6DEE614E14 /* CameraOrientationSetting.swift in Sources */,
				F76EBB593BE1B414658CE10F /* DetectorChip.swift in Sources */,
				0201500FD434F7A12CD0301E /* FrameConveyor.swift in Sources */,
				1460E3D24DA7255D2B70369A /* MacAppModel.swift in Sources */,
				7177FAC0496F048EA8EA7926 /* MacCameraManager.swift in Sources */,
				1506EB84B34A9582A5F556F0 /* MacCameraPreviewView.swift in Sources */,
				08E957E717DF675F8D28C75B /* MacContentView.swift in Sources */,
				651E569EB4AE580C9484FBAB /* MacSettingsStore.swift in Sources */,
				234ED6836F7141B00F4801A4 /* MacSettingsView.swift in Sources */,
				54F6A43050021C4C1FF23CDE /* OSCSenderService.swift in Sources */,
				5EF6D1A8DB671C9B3F9B1C8F /* ObservationMapping.swift in Sources */,
				DBFC1FB82E0AC96F3071981A /* OverlayView.swift in Sources */,
				ACB313DA30EF8DBEA42707FE /* PoseioscSenderMacApp.swift in Sources */,
				F1E91F3F9E8287B80709282F /* VisionAngle.swift in Sources */,
				43B9D5C8F28A5EE3D4FB3F90 /* VisionProcessor.swift in Sources */,
			);
			runOnlyForDeploymentPostprocessing = 0;
		};
/* End PBXSourcesBuildPhase section */

/* Begin XCBuildConfiguration section */
		39EE523A4D0C52166CF4A76D /* Debug */ = {
			isa = XCBuildConfiguration;
			buildSettings = {
				ASSETCATALOG_COMPILER_APPICON_NAME = AppIcon;
				CODE_SIGN_ENTITLEMENTS = SenderMac/PoseioscSenderMac.entitlements;
				COMBINE_HIDPI_IMAGES = YES;
				ENABLE_APP_SANDBOX = YES;
				ENABLE_HARDENED_RUNTIME = YES;
				INFOPLIST_FILE = SenderMac/Info.plist;
				LD_RUNPATH_SEARCH_PATHS = (
					"$(inherited)",
					"@executable_path/../Frameworks",
				);
				PRODUCT_BUNDLE_IDENTIFIER = com.joelgethinlewis.PoseioscSenderMac;
				PRODUCT_NAME = TrackOSCSender;
				SDKROOT = macosx;
			};
			name = Debug;
		};
		59B82A9A0CA9FCC6797996AD /* Release */ = {
			isa = XCBuildConfiguration;
			buildSettings = {
				ASSETCATALOG_COMPILER_APPICON_NAME = AppIcon;
				CODE_SIGN_IDENTITY = "iPhone Developer";
				DEVELOPMENT_TEAM = "";
				INFOPLIST_FILE = Sender/Info.plist;
				INFOPLIST_KEY_UIApplicationSceneManifest_Generation = YES;
				LD_RUNPATH_SEARCH_PATHS = (
					"$(inherited)",
					"@executable_path/Frameworks",
				);
				PRODUCT_BUNDLE_IDENTIFIER = com.joelgethinlewis.PoseioscSender;
				PRODUCT_NAME = TrackOSC;
				SDKROOT = iphoneos;
				TARGETED_DEVICE_FAMILY = 1;
			};
			name = Release;
		};
		688C5D780E03D291019AFC50 /* Debug */ = {
			isa = XCBuildConfiguration;
			buildSettings = {
				ALWAYS_SEARCH_USER_PATHS = NO;
				ASSETCATALOG_COMPILER_GENERATE_ASSET_SYMBOL_FRAMEWORK_EXTENSIONS = YES;
				CLANG_ANALYZER_NONNULL = YES;
				CLANG_ANALYZER_NUMBER_OBJECT_CONVERSION = YES_AGGRESSIVE;
				CLANG_CXX_LANGUAGE_STANDARD = "gnu++14";
				CLANG_CXX_LIBRARY = "libc++";
				CLANG_ENABLE_MODULES = YES;
				CLANG_ENABLE_OBJC_ARC = YES;
				CLANG_ENABLE_OBJC_WEAK = YES;
				CLANG_WARN_BLOCK_CAPTURE_AUTORELEASING = YES;
				CLANG_WARN_BOOL_CONVERSION = YES;
				CLANG_WARN_COMMA = YES;
				CLANG_WARN_CONSTANT_CONVERSION = YES;
				CLANG_WARN_DEPRECATED_OBJC_IMPLEMENTATIONS = YES;
				CLANG_WARN_DIRECT_OBJC_ISA_USAGE = YES_ERROR;
				CLANG_WARN_DOCUMENTATION_COMMENTS = YES;
				CLANG_WARN_EMPTY_BODY = YES;
				CLANG_WARN_ENUM_CONVERSION = YES;
				CLANG_WARN_INFINITE_RECURSION = YES;
				CLANG_WARN_INT_CONVERSION = YES;
				CLANG_WARN_NON_LITERAL_NULL_CONVERSION = YES;
				CLANG_WARN_OBJC_IMPLICIT_RETAIN_SELF = YES;
				CLANG_WARN_OBJC_LITERAL_CONVERSION = YES;
				CLANG_WARN_OBJC_ROOT_CLASS = YES_ERROR;
				CLANG_WARN_QUOTED_INCLUDE_IN_FRAMEWORK_HEADER = YES;
				CLANG_WARN_RANGE_LOOP_ANALYSIS = YES;
				CLANG_WARN_STRICT_PROTOTYPES = YES;
				CLANG_WARN_SUSPICIOUS_MOVE = YES;
				CLANG_WARN_UNGUARDED_AVAILABILITY = YES_AGGRESSIVE;
				CLANG_WARN_UNREACHABLE_CODE = YES;
				CLANG_WARN__DUPLICATE_METHOD_MATCH = YES;
				CODE_SIGN_STYLE = Automatic;
				COPY_PHASE_STRIP = NO;
				CURRENT_PROJECT_VERSION = 8;
				DEAD_CODE_STRIPPING = YES;
				DEBUG_INFORMATION_FORMAT = dwarf;
				DEVELOPMENT_TEAM = "";
				ENABLE_STRICT_OBJC_MSGSEND = YES;
				ENABLE_TESTABILITY = YES;
				ENABLE_USER_SCRIPT_SANDBOXING = YES;
				GCC_C_LANGUAGE_STANDARD = gnu11;
				GCC_DYNAMIC_NO_PIC = NO;
				GCC_NO_COMMON_BLOCKS = YES;
				GCC_OPTIMIZATION_LEVEL = 0;
				GCC_PREPROCESSOR_DEFINITIONS = (
					"$(inherited)",
					"DEBUG=1",
				);
				GCC_WARN_64_TO_32_BIT_CONVERSION = YES;
				GCC_WARN_ABOUT_RETURN_TYPE = YES_ERROR;
				GCC_WARN_UNDECLARED_SELECTOR = YES;
				GCC_WARN_UNINITIALIZED_AUTOS = YES_AGGRESSIVE;
				GCC_WARN_UNUSED_FUNCTION = YES;
				GCC_WARN_UNUSED_VARIABLE = YES;
				IPHONEOS_DEPLOYMENT_TARGET = 18.0;
				MACOSX_DEPLOYMENT_TARGET = 15.0;
				MARKETING_VERSION = 1.3.0;
				MTL_ENABLE_DEBUG_INFO = INCLUDE_SOURCE;
				MTL_FAST_MATH = YES;
				ONLY_ACTIVE_ARCH = YES;
				PRODUCT_NAME = "$(TARGET_NAME)";
				STRING_CATALOG_GENERATE_SYMBOLS = YES;
				SWIFT_ACTIVE_COMPILATION_CONDITIONS = DEBUG;
				SWIFT_OPTIMIZATION_LEVEL = "-Onone";
				SWIFT_VERSION = 6.0;
			};
			name = Debug;
		};
		6A3B51B4499237AEA672A520 /* Release */ = {
			isa = XCBuildConfiguration;
			buildSettings = {
				ASSETCATALOG_COMPILER_APPICON_NAME = AppIcon;
				CODE_SIGN_ENTITLEMENTS = Receiver/PoseioscReceiver.entitlements;
				COMBINE_HIDPI_IMAGES = YES;
				ENABLE_APP_SANDBOX = YES;
				ENABLE_HARDENED_RUNTIME = YES;
				INFOPLIST_FILE = Receiver/Info.plist;
				LD_RUNPATH_SEARCH_PATHS = (
					"$(inherited)",
					"@executable_path/../Frameworks",
				);
				PRODUCT_BUNDLE_IDENTIFIER = com.joelgethinlewis.PoseioscReceiver;
				PRODUCT_NAME = TrackOSCReceiver;
				SDKROOT = macosx;
			};
			name = Release;
		};
		954E8FE5BB4F95B7E8F8C354 /* Release */ = {
			isa = XCBuildConfiguration;
			buildSettings = {
				ALWAYS_SEARCH_USER_PATHS = NO;
				ASSETCATALOG_COMPILER_GENERATE_ASSET_SYMBOL_FRAMEWORK_EXTENSIONS = YES;
				CLANG_ANALYZER_NONNULL = YES;
				CLANG_ANALYZER_NUMBER_OBJECT_CONVERSION = YES_AGGRESSIVE;
				CLANG_CXX_LANGUAGE_STANDARD = "gnu++14";
				CLANG_CXX_LIBRARY = "libc++";
				CLANG_ENABLE_MODULES = YES;
				CLANG_ENABLE_OBJC_ARC = YES;
				CLANG_ENABLE_OBJC_WEAK = YES;
				CLANG_WARN_BLOCK_CAPTURE_AUTORELEASING = YES;
				CLANG_WARN_BOOL_CONVERSION = YES;
				CLANG_WARN_COMMA = YES;
				CLANG_WARN_CONSTANT_CONVERSION = YES;
				CLANG_WARN_DEPRECATED_OBJC_IMPLEMENTATIONS = YES;
				CLANG_WARN_DIRECT_OBJC_ISA_USAGE = YES_ERROR;
				CLANG_WARN_DOCUMENTATION_COMMENTS = YES;
				CLANG_WARN_EMPTY_BODY = YES;
				CLANG_WARN_ENUM_CONVERSION = YES;
				CLANG_WARN_INFINITE_RECURSION = YES;
				CLANG_WARN_INT_CONVERSION = YES;
				CLANG_WARN_NON_LITERAL_NULL_CONVERSION = YES;
				CLANG_WARN_OBJC_IMPLICIT_RETAIN_SELF = YES;
				CLANG_WARN_OBJC_LITERAL_CONVERSION = YES;
				CLANG_WARN_OBJC_ROOT_CLASS = YES_ERROR;
				CLANG_WARN_QUOTED_INCLUDE_IN_FRAMEWORK_HEADER = YES;
				CLANG_WARN_RANGE_LOOP_ANALYSIS = YES;
				CLANG_WARN_STRICT_PROTOTYPES = YES;
				CLANG_WARN_SUSPICIOUS_MOVE = YES;
				CLANG_WARN_UNGUARDED_AVAILABILITY = YES_AGGRESSIVE;
				CLANG_WARN_UNREACHABLE_CODE = YES;
				CLANG_WARN__DUPLICATE_METHOD_MATCH = YES;
				CODE_SIGN_STYLE = Automatic;
				COPY_PHASE_STRIP = NO;
				CURRENT_PROJECT_VERSION = 8;
				DEAD_CODE_STRIPPING = YES;
				DEBUG_INFORMATION_FORMAT = "dwarf-with-dsym";
				DEVELOPMENT_TEAM = "";
				ENABLE_NS_ASSERTIONS = NO;
				ENABLE_STRICT_OBJC_MSGSEND = YES;
				ENABLE_USER_SCRIPT_SANDBOXING = YES;
				GCC_C_LANGUAGE_STANDARD = gnu11;
				GCC_NO_COMMON_BLOCKS = YES;
				GCC_WARN_64_TO_32_BIT_CONVERSION = YES;
				GCC_WARN_ABOUT_RETURN_TYPE = YES_ERROR;
				GCC_WARN_UNDECLARED_SELECTOR = YES;
				GCC_WARN_UNINITIALIZED_AUTOS = YES_AGGRESSIVE;
				GCC_WARN_UNUSED_FUNCTION = YES;
				GCC_WARN_UNUSED_VARIABLE = YES;
				IPHONEOS_DEPLOYMENT_TARGET = 18.0;
				MACOSX_DEPLOYMENT_TARGET = 15.0;
				MARKETING_VERSION = 1.3.0;
				MTL_ENABLE_DEBUG_INFO = NO;
				MTL_FAST_MATH = YES;
				PRODUCT_NAME = "$(TARGET_NAME)";
				STRING_CATALOG_GENERATE_SYMBOLS = YES;
				SWIFT_COMPILATION_MODE = wholemodule;
				SWIFT_OPTIMIZATION_LEVEL = "-O";
				SWIFT_VERSION = 6.0;
			};
			name = Release;
		};
		9F8EA19651EAD8535F503549 /* Debug */ = {
			isa = XCBuildConfiguration;
			buildSettings = {
				ASSETCATALOG_COMPILER_APPICON_NAME = AppIcon;
				CODE_SIGN_ENTITLEMENTS = Receiver/PoseioscReceiver.entitlements;
				COMBINE_HIDPI_IMAGES = YES;
				ENABLE_APP_SANDBOX = YES;
				ENABLE_HARDENED_RUNTIME = YES;
				INFOPLIST_FILE = Receiver/Info.plist;
				LD_RUNPATH_SEARCH_PATHS = (
					"$(inherited)",
					"@executable_path/../Frameworks",
				);
				PRODUCT_BUNDLE_IDENTIFIER = com.joelgethinlewis.PoseioscReceiver;
				PRODUCT_NAME = TrackOSCReceiver;
				SDKROOT = macosx;
			};
			name = Debug;
		};
		A11A1CC34821B62EFD9FF29E /* Debug */ = {
			isa = XCBuildConfiguration;
			buildSettings = {
				ASSETCATALOG_COMPILER_APPICON_NAME = AppIcon;
				CODE_SIGN_IDENTITY = "iPhone Developer";
				DEVELOPMENT_TEAM = "";
				INFOPLIST_FILE = Sender/Info.plist;
				INFOPLIST_KEY_UIApplicationSceneManifest_Generation = YES;
				LD_RUNPATH_SEARCH_PATHS = (
					"$(inherited)",
					"@executable_path/Frameworks",
				);
				PRODUCT_BUNDLE_IDENTIFIER = com.joelgethinlewis.PoseioscSender;
				PRODUCT_NAME = TrackOSC;
				SDKROOT = iphoneos;
				TARGETED_DEVICE_FAMILY = 1;
			};
			name = Debug;
		};
		F5109E0B3FA679C56E4AEB5C /* Release */ = {
			isa = XCBuildConfiguration;
			buildSettings = {
				ASSETCATALOG_COMPILER_APPICON_NAME = AppIcon;
				CODE_SIGN_ENTITLEMENTS = SenderMac/PoseioscSenderMac.entitlements;
				COMBINE_HIDPI_IMAGES = YES;
				ENABLE_APP_SANDBOX = YES;
				ENABLE_HARDENED_RUNTIME = YES;
				INFOPLIST_FILE = SenderMac/Info.plist;
				LD_RUNPATH_SEARCH_PATHS = (
					"$(inherited)",
					"@executable_path/../Frameworks",
				);
				PRODUCT_BUNDLE_IDENTIFIER = com.joelgethinlewis.PoseioscSenderMac;
				PRODUCT_NAME = TrackOSCSender;
				SDKROOT = macosx;
			};
			name = Release;
		};
/* End XCBuildConfiguration section */

/* Begin XCConfigurationList section */
		1278265600F2CA8D6CC36402 /* Build configuration list for PBXProject "TrackOSC" */ = {
			isa = XCConfigurationList;
			buildConfigurations = (
				688C5D780E03D291019AFC50 /* Debug */,
				954E8FE5BB4F95B7E8F8C354 /* Release */,
			);
			defaultConfigurationIsVisible = 0;
			defaultConfigurationName = Debug;
		};
		1CEBF3867EB790C9115454A0 /* Build configuration list for PBXNativeTarget "PoseioscSenderMac" */ = {
			isa = XCConfigurationList;
			buildConfigurations = (
				39EE523A4D0C52166CF4A76D /* Debug */,
				F5109E0B3FA679C56E4AEB5C /* Release */,
			);
			defaultConfigurationIsVisible = 0;
			defaultConfigurationName = Debug;
		};
		58146F69D510F20DD701605B /* Build configuration list for PBXNativeTarget "PoseioscSender" */ = {
			isa = XCConfigurationList;
			buildConfigurations = (
				A11A1CC34821B62EFD9FF29E /* Debug */,
				59B82A9A0CA9FCC6797996AD /* Release */,
			);
			defaultConfigurationIsVisible = 0;
			defaultConfigurationName = Debug;
		};
		FF7F5441E743E5F14C73EA95 /* Build configuration list for PBXNativeTarget "PoseioscReceiver" */ = {
			isa = XCConfigurationList;
			buildConfigurations = (
				9F8EA19651EAD8535F503549 /* Debug */,
				6A3B51B4499237AEA672A520 /* Release */,
			);
			defaultConfigurationIsVisible = 0;
			defaultConfigurationName = Debug;
		};
/* End XCConfigurationList section */

/* Begin XCLocalSwiftPackageReference section */
		F3C07D8591258309496ADD2A /* XCLocalSwiftPackageReference "PoseioscShared" */ = {
			isa = XCLocalSwiftPackageReference;
			relativePath = PoseioscShared;
		};
/* End XCLocalSwiftPackageReference section */

/* Begin XCRemoteSwiftPackageReference section */
		BF3CEF016DCF7B415E80334E /* XCRemoteSwiftPackageReference "swift-osc" */ = {
			isa = XCRemoteSwiftPackageReference;
			repositoryURL = "https://github.com/orchetect/swift-osc";
			requirement = {
				kind = upToNextMajorVersion;
				minimumVersion = 3.1.0;
			};
		};
/* End XCRemoteSwiftPackageReference section */

/* Begin XCSwiftPackageProductDependency section */
		1D63DFC8FDB7C642ED346B13 /* SwiftOSC */ = {
			isa = XCSwiftPackageProductDependency;
			package = BF3CEF016DCF7B415E80334E /* XCRemoteSwiftPackageReference "swift-osc" */;
			productName = SwiftOSC;
		};
		3D1DFD7A45B58CCEBD9C5828 /* PoseioscShared */ = {
			isa = XCSwiftPackageProductDependency;
			productName = PoseioscShared;
		};
		D9C35C7B8BEDADE26B92F049 /* PoseioscShared */ = {
			isa = XCSwiftPackageProductDependency;
			productName = PoseioscShared;
		};
		DC8182587B6E0AEAD535D789 /* PoseioscShared */ = {
			isa = XCSwiftPackageProductDependency;
			productName = PoseioscShared;
		};
		E52C334B871E6E0B89351DCC /* SwiftOSC */ = {
			isa = XCSwiftPackageProductDependency;
			package = BF3CEF016DCF7B415E80334E /* XCRemoteSwiftPackageReference "swift-osc" */;
			productName = SwiftOSC;
		};
		FBC2805A38555F74868050CE /* SwiftOSC */ = {
			isa = XCSwiftPackageProductDependency;
			package = BF3CEF016DCF7B415E80334E /* XCRemoteSwiftPackageReference "swift-osc" */;
			productName = SwiftOSC;
		};
/* End XCSwiftPackageProductDependency section */
	};
	rootObject = B1EEEA4FACB2EF06728FA3E8 /* Project object */;
}
